// !$*UTF8*$!
{
	archiveVersion = 1;
	classes = {
	};
	objectVersion = 55;
	objects = {

/* Begin PBXBuildFile section */
		A75F06502753CC7D000FCF3E /* AppDelegate.swift in Sources */ = {isa = PBXBuildFile; fileRef = A75F064F2753CC7D000FCF3E /* AppDelegate.swift */; };
		A75F06522753CC7D000FCF3E /* SceneDelegate.swift in Sources */ = {isa = PBXBuildFile; fileRef = A75F06512753CC7D000FCF3E /* SceneDelegate.swift */; };
		A75F06542753CC7D000FCF3E /* ViewController.swift in Sources */ = {isa = PBXBuildFile; fileRef = A75F06532753CC7D000FCF3E /* ViewController.swift */; };
		A75F06572753CC7D000FCF3E /* Main.storyboard in Resources */ = {isa = PBXBuildFile; fileRef = A75F06552753CC7D000FCF3E /* Main.storyboard */; };
		A75F06592753CC7F000FCF3E /* Assets.xcassets in Resources */ = {isa = PBXBuildFile; fileRef = A75F06582753CC7F000FCF3E /* Assets.xcassets */; };
		A75F065C2753CC7F000FCF3E /* LaunchScreen.storyboard in Resources */ = {isa = PBXBuildFile; fileRef = A75F065A2753CC7F000FCF3E /* LaunchScreen.storyboard */; };
		A75F066E2753D445000FCF3E /* Configuration.swift in Sources */ = {isa = PBXBuildFile; fileRef = A75F066D2753D445000FCF3E /* Configuration.swift */; };
		A75F06702753D556000FCF3E /* OnBoardingSlide.swift in Sources */ = {isa = PBXBuildFile; fileRef = A75F066F2753D556000FCF3E /* OnBoardingSlide.swift */; };
		A75F06742753D658000FCF3E /* Onboarding.storyboard in Resources */ = {isa = PBXBuildFile; fileRef = A75F06712753D658000FCF3E /* Onboarding.storyboard */; };
		A75F06752753D658000FCF3E /* OnboardingCollectionViewCell.swift in Sources */ = {isa = PBXBuildFile; fileRef = A75F06722753D658000FCF3E /* OnboardingCollectionViewCell.swift */; };
		A75F06762753D658000FCF3E /* OnboardingViewController.swift in Sources */ = {isa = PBXBuildFile; fileRef = A75F06732753D658000FCF3E /* OnboardingViewController.swift */; };
		A75F06782753F7CC000FCF3E /* Videos.storyboard in Resources */ = {isa = PBXBuildFile; fileRef = A75F06772753F7CC000FCF3E /* Videos.storyboard */; };
		A75F067A2753F7F3000FCF3E /* BancoDeImagens.storyboard in Resources */ = {isa = PBXBuildFile; fileRef = A75F06792753F7F3000FCF3E /* BancoDeImagens.storyboard */; };
		A75F067C2753F808000FCF3E /* Publicacoes.storyboard in Resources */ = {isa = PBXBuildFile; fileRef = A75F067B2753F808000FCF3E /* Publicacoes.storyboard */; };
		A75F067E2753F929000FCF3E /* Saved.storyboard in Resources */ = {isa = PBXBuildFile; fileRef = A75F067D2753F929000FCF3E /* Saved.storyboard */; };
/* End PBXBuildFile section */

/* Begin PBXFileReference section */
		A75F064C2753CC7D000FCF3E /* mpt-noticias.app */ = {isa = PBXFileReference; explicitFileType = wrapper.application; includeInIndex = 0; path = "mpt-noticias.app"; sourceTree = BUILT_PRODUCTS_DIR; };
		A75F064F2753CC7D000FCF3E /* AppDelegate.swift */ = {isa = PBXFileReference; lastKnownFileType = sourcecode.swift; path = AppDelegate.swift; sourceTree = "<group>"; };
		A75F06512753CC7D000FCF3E /* SceneDelegate.swift */ = {isa = PBXFileReference; lastKnownFileType = sourcecode.swift; path = SceneDelegate.swift; sourceTree = "<group>"; };
		A75F06532753CC7D000FCF3E /* ViewController.swift */ = {isa = PBXFileReference; lastKnownFileType = sourcecode.swift; path = ViewController.swift; sourceTree = "<group>"; };
		A75F06562753CC7D000FCF3E /* Base */ = {isa = PBXFileReference; lastKnownFileType = file.storyboard; name = Base; path = Base.lproj/Main.storyboard; sourceTree = "<group>"; };
		A75F06582753CC7F000FCF3E /* Assets.xcassets */ = {isa = PBXFileReference; lastKnownFileType = folder.assetcatalog; path = Assets.xcassets; sourceTree = "<group>"; };
		A75F065B2753CC7F000FCF3E /* Base */ = {isa = PBXFileReference; lastKnownFileType = file.storyboard; name = Base; path = Base.lproj/LaunchScreen.storyboard; sourceTree = "<group>"; };
		A75F065D2753CC7F000FCF3E /* Info.plist */ = {isa = PBXFileReference; lastKnownFileType = text.plist.xml; path = Info.plist; sourceTree = "<group>"; };
		A75F066D2753D445000FCF3E /* Configuration.swift */ = {isa = PBXFileReference; lastKnownFileType = sourcecode.swift; path = Configuration.swift; sourceTree = "<group>"; };
		A75F066F2753D556000FCF3E /* OnBoardingSlide.swift */ = {isa = PBXFileReference; lastKnownFileType = sourcecode.swift; path = OnBoardingSlide.swift; sourceTree = "<group>"; };
		A75F06712753D658000FCF3E /* Onboarding.storyboard */ = {isa = PBXFileReference; fileEncoding = 4; lastKnownFileType = file.storyboard; path = Onboarding.storyboard; sourceTree = "<group>"; };
		A75F06722753D658000FCF3E /* OnboardingCollectionViewCell.swift */ = {isa = PBXFileReference; fileEncoding = 4; lastKnownFileType = sourcecode.swift; path = OnboardingCollectionViewCell.swift; sourceTree = "<group>"; };
		A75F06732753D658000FCF3E /* OnboardingViewController.swift */ = {isa = PBXFileReference; fileEncoding = 4; lastKnownFileType = sourcecode.swift; path = OnboardingViewController.swift; sourceTree = "<group>"; };
		A75F06772753F7CC000FCF3E /* Videos.storyboard */ = {isa = PBXFileReference; lastKnownFileType = file.storyboard; path = Videos.storyboard; sourceTree = "<group>"; };
		A75F06792753F7F3000FCF3E /* BancoDeImagens.storyboard */ = {isa = PBXFileReference; lastKnownFileType = file.storyboard; path = BancoDeImagens.storyboard; sourceTree = "<group>"; };
		A75F067B2753F808000FCF3E /* Publicacoes.storyboard */ = {isa = PBXFileReference; lastKnownFileType = file.storyboard; path = Publicacoes.storyboard; sourceTree = "<group>"; };
		A75F067D2753F929000FCF3E /* Saved.storyboard */ = {isa = PBXFileReference; lastKnownFileType = file.storyboard; path = Saved.storyboard; sourceTree = "<group>"; };
/* End PBXFileReference section */

/* Begin PBXFrameworksBuildPhase section */
		A75F06492753CC7D000FCF3E /* Frameworks */ = {
			isa = PBXFrameworksBuildPhase;
			buildActionMask = 2147483647;
			files = (
			);
			runOnlyForDeploymentPostprocessing = 0;
		};
/* End PBXFrameworksBuildPhase section */

/* Begin PBXGroup section */
		A75F06432753CC7D000FCF3E = {
			isa = PBXGroup;
			children = (
				A75F064E2753CC7D000FCF3E /* mpt-noticias */,
				A75F064D2753CC7D000FCF3E /* Products */,
			);
			sourceTree = "<group>";
		};
		A75F064D2753CC7D000FCF3E /* Products */ = {
			isa = PBXGroup;
			children = (
				A75F064C2753CC7D000FCF3E /* mpt-noticias.app */,
			);
			name = Products;
			sourceTree = "<group>";
		};
		A75F064E2753CC7D000FCF3E /* mpt-noticias */ = {
			isa = PBXGroup;
			children = (
				A75F064F2753CC7D000FCF3E /* AppDelegate.swift */,
				A75F06512753CC7D000FCF3E /* SceneDelegate.swift */,
				A75F06652753CE8E000FCF3E /* LaunchScreen */,
				A75F066B2753D288000FCF3E /* Onboarding */,
				A75F06642753CE7F000FCF3E /* Home */,
				A75F066A2753D285000FCF3E /* Videos */,
				A75F06692753D08D000FCF3E /* BancoDeImagens */,
				A75F06682753D088000FCF3E /* Publicacoes */,
				A75F06672753D086000FCF3E /* Saved */,
				A75F06662753D083000FCF3E /* Util */,
				A75F066C2753D314000FCF3E /* Model */,
				A75F06582753CC7F000FCF3E /* Assets.xcassets */,
				A75F065D2753CC7F000FCF3E /* Info.plist */,
			);
			path = "mpt-noticias";
			sourceTree = "<group>";
		};
		A75F06642753CE7F000FCF3E /* Home */ = {
			isa = PBXGroup;
			children = (
				A75F06532753CC7D000FCF3E /* ViewController.swift */,
				A75F06552753CC7D000FCF3E /* Main.storyboard */,
			);
			path = Home;
			sourceTree = "<group>";
		};
		A75F06652753CE8E000FCF3E /* LaunchScreen */ = {
			isa = PBXGroup;
			children = (
				A75F065A2753CC7F000FCF3E /* LaunchScreen.storyboard */,
			);
			path = LaunchScreen;
			sourceTree = "<group>";
		};
		A75F06662753D083000FCF3E /* Util */ = {
			isa = PBXGroup;
			children = (
				A75F066D2753D445000FCF3E /* Configuration.swift */,
			);
			path = Util;
			sourceTree = "<group>";
		};
		A75F06672753D086000FCF3E /* Saved */ = {
			isa = PBXGroup;
			children = (
				A75F067D2753F929000FCF3E /* Saved.storyboard */,
			);
			path = Saved;
			sourceTree = "<group>";
		};
		A75F06682753D088000FCF3E /* Publicacoes */ = {
			isa = PBXGroup;
			children = (
				A75F067B2753F808000FCF3E /* Publicacoes.storyboard */,
			);
			path = Publicacoes;
			sourceTree = "<group>";
		};
		A75F06692753D08D000FCF3E /* BancoDeImagens */ = {
			isa = PBXGroup;
			children = (
				A75F06792753F7F3000FCF3E /* BancoDeImagens.storyboard */,
			);
			path = BancoDeImagens;
			sourceTree = "<group>";
		};
		A75F066A2753D285000FCF3E /* Videos */ = {
			isa = PBXGroup;
			children = (
				A75F06772753F7CC000FCF3E /* Videos.storyboard */,
			);
			path = Videos;
			sourceTree = "<group>";
		};
		A75F066B2753D288000FCF3E /* Onboarding */ = {
			isa = PBXGroup;
			children = (
				A75F06712753D658000FCF3E /* Onboarding.storyboard */,
				A75F06722753D658000FCF3E /* OnboardingCollectionViewCell.swift */,
				A75F06732753D658000FCF3E /* OnboardingViewController.swift */,
			);
			path = Onboarding;
			sourceTree = "<group>";
		};
		A75F066C2753D314000FCF3E /* Model */ = {
			isa = PBXGroup;
			children = (
				A75F066F2753D556000FCF3E /* OnBoardingSlide.swift */,
			);
			path = Model;
			sourceTree = "<group>";
		};
/* End PBXGroup section */

/* Begin PBXNativeTarget section */
		A75F064B2753CC7D000FCF3E /* mpt-noticias */ = {
			isa = PBXNativeTarget;
			buildConfigurationList = A75F06602753CC7F000FCF3E /* Build configuration list for PBXNativeTarget "mpt-noticias" */;
			buildPhases = (
				A75F06482753CC7D000FCF3E /* Sources */,
				A75F06492753CC7D000FCF3E /* Frameworks */,
				A75F064A2753CC7D000FCF3E /* Resources */,
			);
			buildRules = (
			);
			dependencies = (
			);
			name = "mpt-noticias";
			productName = "mpt-noticias";
			productReference = A75F064C2753CC7D000FCF3E /* mpt-noticias.app */;
			productType = "com.apple.product-type.application";
		};
/* End PBXNativeTarget section */

/* Begin PBXProject section */
		A75F06442753CC7D000FCF3E /* Project object */ = {
			isa = PBXProject;
			attributes = {
				BuildIndependentTargetsInParallel = 1;
				LastSwiftUpdateCheck = 1310;
				LastUpgradeCheck = 1310;
				TargetAttributes = {
					A75F064B2753CC7D000FCF3E = {
						CreatedOnToolsVersion = 13.1;
					};
				};
			};
			buildConfigurationList = A75F06472753CC7D000FCF3E /* Build configuration list for PBXProject "mpt-noticias" */;
			compatibilityVersion = "Xcode 13.0";
			developmentRegion = en;
			hasScannedForEncodings = 0;
			knownRegions = (
				en,
				Base,
			);
			mainGroup = A75F06432753CC7D000FCF3E;
			productRefGroup = A75F064D2753CC7D000FCF3E /* Products */;
			projectDirPath = "";
			projectRoot = "";
			targets = (
				A75F064B2753CC7D000FCF3E /* mpt-noticias */,
			);
		};
/* End PBXProject section */

/* Begin PBXResourcesBuildPhase section */
		A75F064A2753CC7D000FCF3E /* Resources */ = {
			isa = PBXResourcesBuildPhase;
			buildActionMask = 2147483647;
			files = (
				A75F067A2753F7F3000FCF3E /* BancoDeImagens.storyboard in Resources */,
				A75F065C2753CC7F000FCF3E /* LaunchScreen.storyboard in Resources */,
				A75F067E2753F929000FCF3E /* Saved.storyboard in Resources */,
				A75F06592753CC7F000FCF3E /* Assets.xcassets in Resources */,
				A75F06572753CC7D000FCF3E /* Main.storyboard in Resources */,
				A75F06782753F7CC000FCF3E /* Videos.storyboard in Resources */,
				A75F06742753D658000FCF3E /* Onboarding.storyboard in Resources */,
				A75F067C2753F808000FCF3E /* Publicacoes.storyboard in Resources */,
			);
			runOnlyForDeploymentPostprocessing = 0;
		};
/* End PBXResourcesBuildPhase section */

/* Begin PBXSourcesBuildPhase section */
		A75F06482753CC7D000FCF3E /* Sources */ = {
			isa = PBXSourcesBuildPhase;
			buildActionMask = 2147483647;
			files = (
				A75F06542753CC7D000FCF3E /* ViewController.swift in Sources */,
				A75F06502753CC7D000FCF3E /* AppDelegate.swift in Sources */,
				A75F066E2753D445000FCF3E /* Configuration.swift in Sources */,
				A75F06522753CC7D000FCF3E /* SceneDelegate.swift in Sources */,
				A75F06762753D658000FCF3E /* OnboardingViewController.swift in Sources */,
				A75F06702753D556000FCF3E /* OnBoardingSlide.swift in Sources */,
				A75F06752753D658000FCF3E /* OnboardingCollectionViewCell.swift in Sources */,
			);
			runOnlyForDeploymentPostprocessing = 0;
		};
/* End PBXSourcesBuildPhase section */

/* Begin PBXVariantGroup section */
		A75F06552753CC7D000FCF3E /* Main.storyboard */ = {
			isa = PBXVariantGroup;
			children = (
				A75F06562753CC7D000FCF3E /* Base */,
			);
			name = Main.storyboard;
			sourceTree = "<group>";
		};
		A75F065A2753CC7F000FCF3E /* LaunchScreen.storyboard */ = {
			isa = PBXVariantGroup;
			children = (
				A75F065B2753CC7F000FCF3E /* Base */,
			);
			name = LaunchScreen.storyboard;
			sourceTree = "<group>";
		};
/* End PBXVariantGroup section */

/* Begin XCBuildConfiguration section */
		A75F065E2753CC7F000FCF3E /* Debug */ = {
			isa = XCBuildConfiguration;
			buildSettings = {
				ALWAYS_SEARCH_USER_PATHS = NO;
				CLANG_ANALYZER_NONNULL = YES;
				CLANG_ANALYZER_NUMBER_OBJECT_CONVERSION = YES_AGGRESSIVE;
				CLANG_CXX_LANGUAGE_STANDARD = "gnu++17";
				CLANG_CXX_LIBRARY = "libc++";
				CLANG_ENABLE_MODULES = YES;
				CLANG_ENABLE_OBJC_ARC = YES;
				CLANG_ENABLE_OBJC_WEAK = YES;
				CLANG_WARN_BLOCK_CAPTURE_AUTORELEASING = YES;
				CLANG_WARN_BOOL_CONVERSION = YES;
				CLANG_WARN_COMMA = YES;
				CLANG_WARN_CONSTANT_CONVERSION = YES;
				CLANG_WARN_DEPRECATED_OBJC_IMPLEMENTATIONS = YES;
				CLANG_WARN_DIRECT_OBJC_ISA_USAGE = YES_ERROR;
				CLANG_WARN_DOCUMENTATION_COMMENTS = YES;
				CLANG_WARN_EMPTY_BODY = YES;
				CLANG_WARN_ENUM_CONVERSION = YES;
				CLANG_WARN_INFINITE_RECURSION = YES;
				CLANG_WARN_INT_CONVERSION = YES;
				CLANG_WARN_NON_LITERAL_NULL_CONVERSION = YES;
				CLANG_WARN_OBJC_IMPLICIT_RETAIN_SELF = YES;
				CLANG_WARN_OBJC_LITERAL_CONVERSION = YES;
				CLANG_WARN_OBJC_ROOT_CLASS = YES_ERROR;
				CLANG_WARN_QUOTED_INCLUDE_IN_FRAMEWORK_HEADER = YES;
				CLANG_WARN_RANGE_LOOP_ANALYSIS = YES;
				CLANG_WARN_STRICT_PROTOTYPES = YES;
				CLANG_WARN_SUSPICIOUS_MOVE = YES;
				CLANG_WARN_UNGUARDED_AVAILABILITY = YES_AGGRESSIVE;
				CLANG_WARN_UNREACHABLE_CODE = YES;
				CLANG_WARN__DUPLICATE_METHOD_MATCH = YES;
				COPY_PHASE_STRIP = NO;
				DEBUG_INFORMATION_FORMAT = dwarf;
				ENABLE_STRICT_OBJC_MSGSEND = YES;
				ENABLE_TESTABILITY = YES;
				GCC_C_LANGUAGE_STANDARD = gnu11;
				GCC_DYNAMIC_NO_PIC = NO;
				GCC_NO_COMMON_BLOCKS = YES;
				GCC_OPTIMIZATION_LEVEL = 0;
				GCC_PREPROCESSOR_DEFINITIONS = (
					"DEBUG=1",
					"$(inherited)",
				);
				GCC_WARN_64_TO_32_BIT_CONVERSION = YES;
				GCC_WARN_ABOUT_RETURN_TYPE = YES_ERROR;
				GCC_WARN_UNDECLARED_SELECTOR = YES;
				GCC_WARN_UNINITIALIZED_AUTOS = YES_AGGRESSIVE;
				GCC_WARN_UNUSED_FUNCTION = YES;
				GCC_WARN_UNUSED_VARIABLE = YES;
				IPHONEOS_DEPLOYMENT_TARGET = 15.0;
				MTL_ENABLE_DEBUG_INFO = INCLUDE_SOURCE;
				MTL_FAST_MATH = YES;
				ONLY_ACTIVE_ARCH = YES;
				SDKROOT = iphoneos;
				SWIFT_ACTIVE_COMPILATION_CONDITIONS = DEBUG;
				SWIFT_OPTIMIZATION_LEVEL = "-Onone";
			};
			name = Debug;
		};
		A75F065F2753CC7F000FCF3E /* Release */ = {
			isa = XCBuildConfiguration;
			buildSettings = {
				ALWAYS_SEARCH_USER_PATHS = NO;
				CLANG_ANALYZER_NONNULL = YES;
				CLANG_ANALYZER_NUMBER_OBJECT_CONVERSION = YES_AGGRESSIVE;
				CLANG_CXX_LANGUAGE_STANDARD = "gnu++17";
				CLANG_CXX_LIBRARY = "libc++";
				CLANG_ENABLE_MODULES = YES;
				CLANG_ENABLE_OBJC_ARC = YES;
				CLANG_ENABLE_OBJC_WEAK = YES;
				CLANG_WARN_BLOCK_CAPTURE_AUTORELEASING = YES;
				CLANG_WARN_BOOL_CONVERSION = YES;
				CLANG_WARN_COMMA = YES;
				CLANG_WARN_CONSTANT_CONVERSION = YES;
				CLANG_WARN_DEPRECATED_OBJC_IMPLEMENTATIONS = YES;
				CLANG_WARN_DIRECT_OBJC_ISA_USAGE = YES_ERROR;
				CLANG_WARN_DOCUMENTATION_COMMENTS = YES;
				CLANG_WARN_EMPTY_BODY = YES;
				CLANG_WARN_ENUM_CONVERSION = YES;
				CLANG_WARN_INFINITE_RECURSION = YES;
				CLANG_WARN_INT_CONVERSION = YES;
				CLANG_WARN_NON_LITERAL_NULL_CONVERSION = YES;
				CLANG_WARN_OBJC_IMPLICIT_RETAIN_SELF = YES;
				CLANG_WARN_OBJC_LITERAL_CONVERSION = YES;
				CLANG_WARN_OBJC_ROOT_CLASS = YES_ERROR;
				CLANG_WARN_QUOTED_INCLUDE_IN_FRAMEWORK_HEADER = YES;
				CLANG_WARN_RANGE_LOOP_ANALYSIS = YES;
				CLANG_WARN_STRICT_PROTOTYPES = YES;
				CLANG_WARN_SUSPICIOUS_MOVE = YES;
				CLANG_WARN_UNGUARDED_AVAILABILITY = YES_AGGRESSIVE;
				CLANG_WARN_UNREACHABLE_CODE = YES;
				CLANG_WARN__DUPLICATE_METHOD_MATCH = YES;
				COPY_PHASE_STRIP = NO;
				DEBUG_INFORMATION_FORMAT = "dwarf-with-dsym";
				ENABLE_NS_ASSERTIONS = NO;
				ENABLE_STRICT_OBJC_MSGSEND = YES;
				GCC_C_LANGUAGE_STANDARD = gnu11;
				GCC_NO_COMMON_BLOCKS = YES;
				GCC_WARN_64_TO_32_BIT_CONVERSION = YES;
				GCC_WARN_ABOUT_RETURN_TYPE = YES_ERROR;
				GCC_WARN_UNDECLARED_SELECTOR = YES;
				GCC_WARN_UNINITIALIZED_AUTOS = YES_AGGRESSIVE;
				GCC_WARN_UNUSED_FUNCTION = YES;
				GCC_WARN_UNUSED_VARIABLE = YES;
				IPHONEOS_DEPLOYMENT_TARGET = 15.0;
				MTL_ENABLE_DEBUG_INFO = NO;
				MTL_FAST_MATH = YES;
				SDKROOT = iphoneos;
				SWIFT_COMPILATION_MODE = wholemodule;
				SWIFT_OPTIMIZATION_LEVEL = "-O";
				VALIDATE_PRODUCT = YES;
			};
			name = Release;
		};
		A75F06612753CC7F000FCF3E /* Debug */ = {
			isa = XCBuildConfiguration;
			buildSettings = {
				ASSETCATALOG_COMPILER_APPICON_NAME = AppIcon;
				ASSETCATALOG_COMPILER_GLOBAL_ACCENT_COLOR_NAME = AccentColor;
				CODE_SIGN_STYLE = Automatic;
				CURRENT_PROJECT_VERSION = 1;
				DEVELOPMENT_TEAM = 6R98N4JJF2;
				GENERATE_INFOPLIST_FILE = YES;
				INFOPLIST_FILE = "mpt-noticias/Info.plist";
				INFOPLIST_KEY_UIApplicationSupportsIndirectInputEvents = YES;
				INFOPLIST_KEY_UILaunchStoryboardName = LaunchScreen;
				INFOPLIST_KEY_UIMainStoryboardFile = Main;
				INFOPLIST_KEY_UISupportedInterfaceOrientations_iPad = "UIInterfaceOrientationPortrait UIInterfaceOrientationPortraitUpsideDown UIInterfaceOrientationLandscapeLeft UIInterfaceOrientationLandscapeRight";
				INFOPLIST_KEY_UISupportedInterfaceOrientations_iPhone = "UIInterfaceOrientationPortrait UIInterfaceOrientationLandscapeLeft UIInterfaceOrientationLandscapeRight";
				LD_RUNPATH_SEARCH_PATHS = (
					"$(inherited)",
					"@executable_path/Frameworks",
				);
				MARKETING_VERSION = 1.0;
				PRODUCT_BUNDLE_IDENTIFIER = "com.leonardo.l.santos.mpt-noticias";
				PRODUCT_NAME = "$(TARGET_NAME)";
				SWIFT_EMIT_LOC_STRINGS = YES;
				SWIFT_VERSION = 5.0;
				TARGETED_DEVICE_FAMILY = 1;
			};
			name = Debug;
		};
		A75F06622753CC7F000FCF3E /* Release */ = {
			isa = XCBuildConfiguration;
			buildSettings = {
				ASSETCATALOG_COMPILER_APPICON_NAME = AppIcon;
				ASSETCATALOG_COMPILER_GLOBAL_ACCENT_COLOR_NAME = AccentColor;
				CODE_SIGN_STYLE = Automatic;
				CURRENT_PROJECT_VERSION = 1;
				DEVELOPMENT_TEAM = 6R98N4JJF2;
				GENERATE_INFOPLIST_FILE = YES;
				INFOPLIST_FILE = "mpt-noticias/Info.plist";
				INFOPLIST_KEY_UIApplicationSupportsIndirectInputEvents = YES;
				INFOPLIST_KEY_UILaunchStoryboardName = LaunchScreen;
				INFOPLIST_KEY_UIMainStoryboardFile = Main;
				INFOPLIST_KEY_UISupportedInterfaceOrientations_iPad = "UIInterfaceOrientationPortrait UIInterfaceOrientationPortraitUpsideDown UIInterfaceOrientationLandscapeLeft UIInterfaceOrientationLandscapeRight";
				INFOPLIST_KEY_UISupportedInterfaceOrientations_iPhone = "UIInterfaceOrientationPortrait UIInterfaceOrientationLandscapeLeft UIInterfaceOrientationLandscapeRight";
				LD_RUNPATH_SEARCH_PATHS = (
					"$(inherited)",
					"@executable_path/Frameworks",
				);
				MARKETING_VERSION = 1.0;
				PRODUCT_BUNDLE_IDENTIFIER = "com.leonardo.l.santos.mpt-noticias";
				PRODUCT_NAME = "$(TARGET_NAME)";
				SWIFT_EMIT_LOC_STRINGS = YES;
				SWIFT_VERSION = 5.0;
				TARGETED_DEVICE_FAMILY = 1;
			};
			name = Release;
		};
/* End XCBuildConfiguration section */

/* Begin XCConfigurationList section */
		A75F06472753CC7D000FCF3E /* Build configuration list for PBXProject "mpt-noticias" */ = {
			isa = XCConfigurationList;
			buildConfigurations = (
				A75F065E2753CC7F000FCF3E /* Debug */,
				A75F065F2753CC7F000FCF3E /* Release */,
			);
			defaultConfigurationIsVisible = 0;
			defaultConfigurationName = Release;
		};
		A75F06602753CC7F000FCF3E /* Build configuration list for PBXNativeTarget "mpt-noticias" */ = {
			isa = XCConfigurationList;
			buildConfigurations = (
				A75F06612753CC7F000FCF3E /* Debug */,
				A75F06622753CC7F000FCF3E /* Release */,
			);
			defaultConfigurationIsVisible = 0;
			defaultConfigurationName = Release;
		};
/* End XCConfigurationList section */
	};
	rootObject = A75F06442753CC7D000FCF3E /* Project object */;
}
