// !$*UTF8*$!
{
	archiveVersion = 1;
	classes = {
	};
	objectVersion = 55;
	objects = {

/* Begin PBXBuildFile section */
		A7340E912B0E43C900891FEC /* RestTests.swift in Sources */ = {isa = PBXBuildFile; fileRef = A7340E902B0E43C900891FEC /* RestTests.swift */; };
		A75F06502753CC7D000FCF3E /* AppDelegate.swift in Sources */ = {isa = PBXBuildFile; fileRef = A75F064F2753CC7D000FCF3E /* AppDelegate.swift */; };
		A75F06522753CC7D000FCF3E /* SceneDelegate.swift in Sources */ = {isa = PBXBuildFile; fileRef = A75F06512753CC7D000FCF3E /* SceneDelegate.swift */; };
		A75F06542753CC7D000FCF3E /* ViewController.swift in Sources */ = {isa = PBXBuildFile; fileRef = A75F06532753CC7D000FCF3E /* ViewController.swift */; };
		A75F06572753CC7D000FCF3E /* Main.storyboard in Resources */ = {isa = PBXBuildFile; fileRef = A75F06552753CC7D000FCF3E /* Main.storyboard */; };
		A75F06592753CC7F000FCF3E /* Assets.xcassets in Resources */ = {isa = PBXBuildFile; fileRef = A75F06582753CC7F000FCF3E /* Assets.xcassets */; };
		A75F065C2753CC7F000FCF3E /* LaunchScreen.storyboard in Resources */ = {isa = PBXBuildFile; fileRef = A75F065A2753CC7F000FCF3E /* LaunchScreen.storyboard */; };
		A75F066E2753D445000FCF3E /* Configuration.swift in Sources */ = {isa = PBXBuildFile; fileRef = A75F066D2753D445000FCF3E /* Configuration.swift */; };
		A75F06702753D556000FCF3E /* OnBoardingSlide.swift in Sources */ = {isa = PBXBuildFile; fileRef = A75F066F2753D556000FCF3E /* OnBoardingSlide.swift */; };
		A75F06742753D658000FCF3E /* Onboarding.storyboard in Resources */ = {isa = PBXBuildFile; fileRef = A75F06712753D658000FCF3E /* Onboarding.storyboard */; };
		A75F06752753D658000FCF3E /* OnboardingCollectionViewCell.swift in Sources */ = {isa = PBXBuildFile; fileRef = A75F06722753D658000FCF3E /* OnboardingCollectionViewCell.swift */; };
		A75F06762753D658000FCF3E /* OnboardingViewController.swift in Sources */ = {isa = PBXBuildFile; fileRef = A75F06732753D658000FCF3E /* OnboardingViewController.swift */; };
		A75F067C2753F808000FCF3E /* Publicacoes.storyboard in Resources */ = {isa = PBXBuildFile; fileRef = A75F067B2753F808000FCF3E /* Publicacoes.storyboard */; };
		A75F068027540570000FCF3E /* TermsOfUseViewController.swift in Sources */ = {isa = PBXBuildFile; fileRef = A75F067F27540570000FCF3E /* TermsOfUseViewController.swift */; };
		A75F068C275544B2000FCF3E /* NewsTableViewCell.swift in Sources */ = {isa = PBXBuildFile; fileRef = A75F068B275544B2000FCF3E /* NewsTableViewCell.swift */; };
		A76436C92AFFA15400BC42AB /* PublicacoesViewModel.swift in Sources */ = {isa = PBXBuildFile; fileRef = A76436C82AFFA15400BC42AB /* PublicacoesViewModel.swift */; };
		A7B1F69A27558539008FA773 /* NewsDetailViewController.swift in Sources */ = {isa = PBXBuildFile; fileRef = A7B1F69927558539008FA773 /* NewsDetailViewController.swift */; };
		A7C60B1A2A81B98F00841380 /* ImagemRequestModel.swift in Sources */ = {isa = PBXBuildFile; fileRef = A7C60B182A81B98F00841380 /* ImagemRequestModel.swift */; };
		A7C60B1B2A81B98F00841380 /* NewsRequestModel.swift in Sources */ = {isa = PBXBuildFile; fileRef = A7C60B192A81B98F00841380 /* NewsRequestModel.swift */; };
		A7C60B1E2A81B9B000841380 /* Functions.swift in Sources */ = {isa = PBXBuildFile; fileRef = A7C60B1C2A81B9B000841380 /* Functions.swift */; };
		A7C60B1F2A81B9B000841380 /* Rest.swift in Sources */ = {isa = PBXBuildFile; fileRef = A7C60B1D2A81B9B000841380 /* Rest.swift */; };
		A7C60B272A81C8B300841380 /* PublicacoesViewController.swift in Sources */ = {isa = PBXBuildFile; fileRef = A7C60B262A81C8B200841380 /* PublicacoesViewController.swift */; };
		A7C60B292A81D03E00841380 /* PublicacaoRequestModel.swift in Sources */ = {isa = PBXBuildFile; fileRef = A7C60B282A81D03E00841380 /* PublicacaoRequestModel.swift */; };
		A7C60B2B2A826DD000841380 /* PublicacaoTableViewCell.swift in Sources */ = {isa = PBXBuildFile; fileRef = A7C60B2A2A826DD000841380 /* PublicacaoTableViewCell.swift */; };
		A7C60B2D2A85031900841380 /* PublicacoesDetailViewController.swift in Sources */ = {isa = PBXBuildFile; fileRef = A7C60B2C2A85031900841380 /* PublicacoesDetailViewController.swift */; };
		A7DCE4752AFBF39500A0B854 /* HomeViewModel.swift in Sources */ = {isa = PBXBuildFile; fileRef = A7DCE4742AFBF39500A0B854 /* HomeViewModel.swift */; };
/* End PBXBuildFile section */

/* Begin PBXContainerItemProxy section */
		A77DED792B0D7B9600B544AF /* PBXContainerItemProxy */ = {
			isa = PBXContainerItemProxy;
			containerPortal = A75F06442753CC7D000FCF3E /* Project object */;
			proxyType = 1;
			remoteGlobalIDString = A75F064B2753CC7D000FCF3E;
			remoteInfo = "mpt-noticias";
		};
/* End PBXContainerItemProxy section */

/* Begin PBXFileReference section */
		A7340E902B0E43C900891FEC /* RestTests.swift */ = {isa = PBXFileReference; lastKnownFileType = sourcecode.swift; path = RestTests.swift; sourceTree = "<group>"; };
		A75F064C2753CC7D000FCF3E /* mpt-noticias.app */ = {isa = PBXFileReference; explicitFileType = wrapper.application; includeInIndex = 0; path = "mpt-noticias.app"; sourceTree = BUILT_PRODUCTS_DIR; };
		A75F064F2753CC7D000FCF3E /* AppDelegate.swift */ = {isa = PBXFileReference; lastKnownFileType = sourcecode.swift; path = AppDelegate.swift; sourceTree = "<group>"; };
		A75F06512753CC7D000FCF3E /* SceneDelegate.swift */ = {isa = PBXFileReference; lastKnownFileType = sourcecode.swift; path = SceneDelegate.swift; sourceTree = "<group>"; };
		A75F06532753CC7D000FCF3E /* ViewController.swift */ = {isa = PBXFileReference; lastKnownFileType = sourcecode.swift; path = ViewController.swift; sourceTree = "<group>"; };
		A75F06562753CC7D000FCF3E /* Base */ = {isa = PBXFileReference; lastKnownFileType = file.storyboard; name = Base; path = Base.lproj/Main.storyboard; sourceTree = "<group>"; };
		A75F06582753CC7F000FCF3E /* Assets.xcassets */ = {isa = PBXFileReference; lastKnownFileType = folder.assetcatalog; path = Assets.xcassets; sourceTree = "<group>"; };
		A75F065B2753CC7F000FCF3E /* Base */ = {isa = PBXFileReference; lastKnownFileType = file.storyboard; name = Base; path = Base.lproj/LaunchScreen.storyboard; sourceTree = "<group>"; };
		A75F065D2753CC7F000FCF3E /* Info.plist */ = {isa = PBXFileReference; lastKnownFileType = text.plist.xml; path = Info.plist; sourceTree = "<group>"; };
		A75F066D2753D445000FCF3E /* Configuration.swift */ = {isa = PBXFileReference; lastKnownFileType = sourcecode.swift; path = Configuration.swift; sourceTree = "<group>"; };
		A75F066F2753D556000FCF3E /* OnBoardingSlide.swift */ = {isa = PBXFileReference; lastKnownFileType = sourcecode.swift; path = OnBoardingSlide.swift; sourceTree = "<group>"; };
		A75F06712753D658000FCF3E /* Onboarding.storyboard */ = {isa = PBXFileReference; fileEncoding = 4; lastKnownFileType = file.storyboard; path = Onboarding.storyboard; sourceTree = "<group>"; };
		A75F06722753D658000FCF3E /* OnboardingCollectionViewCell.swift */ = {isa = PBXFileReference; fileEncoding = 4; lastKnownFileType = sourcecode.swift; path = OnboardingCollectionViewCell.swift; sourceTree = "<group>"; };
		A75F06732753D658000FCF3E /* OnboardingViewController.swift */ = {isa = PBXFileReference; fileEncoding = 4; lastKnownFileType = sourcecode.swift; path = OnboardingViewController.swift; sourceTree = "<group>"; };
		A75F067B2753F808000FCF3E /* Publicacoes.storyboard */ = {isa = PBXFileReference; lastKnownFileType = file.storyboard; path = Publicacoes.storyboard; sourceTree = "<group>"; };
		A75F067F27540570000FCF3E /* TermsOfUseViewController.swift */ = {isa = PBXFileReference; lastKnownFileType = sourcecode.swift; path = TermsOfUseViewController.swift; sourceTree = "<group>"; };
		A75F068B275544B2000FCF3E /* NewsTableViewCell.swift */ = {isa = PBXFileReference; lastKnownFileType = sourcecode.swift; path = NewsTableViewCell.swift; sourceTree = "<group>"; };
		A76436C82AFFA15400BC42AB /* PublicacoesViewModel.swift */ = {isa = PBXFileReference; lastKnownFileType = sourcecode.swift; path = PublicacoesViewModel.swift; sourceTree = "<group>"; };
		A77DED752B0D7B9600B544AF /* mpt-noticiasTests.xctest */ = {isa = PBXFileReference; explicitFileType = wrapper.cfbundle; includeInIndex = 0; path = "mpt-noticiasTests.xctest"; sourceTree = BUILT_PRODUCTS_DIR; };
		A7B1F69927558539008FA773 /* NewsDetailViewController.swift */ = {isa = PBXFileReference; lastKnownFileType = sourcecode.swift; path = NewsDetailViewController.swift; sourceTree = "<group>"; };
		A7C60B182A81B98F00841380 /* ImagemRequestModel.swift */ = {isa = PBXFileReference; fileEncoding = 4; lastKnownFileType = sourcecode.swift; path = ImagemRequestModel.swift; sourceTree = "<group>"; };
		A7C60B192A81B98F00841380 /* NewsRequestModel.swift */ = {isa = PBXFileReference; fileEncoding = 4; lastKnownFileType = sourcecode.swift; path = NewsRequestModel.swift; sourceTree = "<group>"; };
		A7C60B1C2A81B9B000841380 /* Functions.swift */ = {isa = PBXFileReference; fileEncoding = 4; lastKnownFileType = sourcecode.swift; path = Functions.swift; sourceTree = "<group>"; };
		A7C60B1D2A81B9B000841380 /* Rest.swift */ = {isa = PBXFileReference; fileEncoding = 4; lastKnownFileType = sourcecode.swift; path = Rest.swift; sourceTree = "<group>"; };
		A7C60B262A81C8B200841380 /* PublicacoesViewController.swift */ = {isa = PBXFileReference; lastKnownFileType = sourcecode.swift; path = PublicacoesViewController.swift; sourceTree = "<group>"; };
		A7C60B282A81D03E00841380 /* PublicacaoRequestModel.swift */ = {isa = PBXFileReference; lastKnownFileType = sourcecode.swift; path = PublicacaoRequestModel.swift; sourceTree = "<group>"; };
		A7C60B2A2A826DD000841380 /* PublicacaoTableViewCell.swift */ = {isa = PBXFileReference; lastKnownFileType = sourcecode.swift; path = PublicacaoTableViewCell.swift; sourceTree = "<group>"; };
		A7C60B2C2A85031900841380 /* PublicacoesDetailViewController.swift */ = {isa = PBXFileReference; lastKnownFileType = sourcecode.swift; path = PublicacoesDetailViewController.swift; sourceTree = "<group>"; };
		A7DCE4742AFBF39500A0B854 /* HomeViewModel.swift */ = {isa = PBXFileReference; lastKnownFileType = sourcecode.swift; path = HomeViewModel.swift; sourceTree = "<group>"; };
/* End PBXFileReference section */

/* Begin PBXFrameworksBuildPhase section */
		A75F06492753CC7D000FCF3E /* Frameworks */ = {
			isa = PBXFrameworksBuildPhase;
			buildActionMask = 2147483647;
			files = (
			);
			runOnlyForDeploymentPostprocessing = 0;
		};
		A77DED722B0D7B9600B544AF /* Frameworks */ = {
			isa = PBXFrameworksBuildPhase;
			buildActionMask = 2147483647;
			files = (
			);
			runOnlyForDeploymentPostprocessing = 0;
		};
/* End PBXFrameworksBuildPhase section */

/* Begin PBXGroup section */
		A75F06432753CC7D000FCF3E = {
			isa = PBXGroup;
			children = (
				A75F064E2753CC7D000FCF3E /* mpt-noticias */,
				A77DED762B0D7B9600B544AF /* mpt-noticiasTests */,
				A75F064D2753CC7D000FCF3E /* Products */,
			);
			sourceTree = "<group>";
		};
		A75F064D2753CC7D000FCF3E /* Products */ = {
			isa = PBXGroup;
			children = (
				A75F064C2753CC7D000FCF3E /* mpt-noticias.app */,
				A77DED752B0D7B9600B544AF /* mpt-noticiasTests.xctest */,
			);
			name = Products;
			sourceTree = "<group>";
		};
		A75F064E2753CC7D000FCF3E /* mpt-noticias */ = {
			isa = PBXGroup;
			children = (
				A75F064F2753CC7D000FCF3E /* AppDelegate.swift */,
				A75F06512753CC7D000FCF3E /* SceneDelegate.swift */,
				A75F06652753CE8E000FCF3E /* LaunchScreen */,
				A75F066B2753D288000FCF3E /* Onboarding */,
				A75F06642753CE7F000FCF3E /* Home */,
				A75F06682753D088000FCF3E /* Publicacoes */,
				A75F06662753D083000FCF3E /* Util */,
				A75F066C2753D314000FCF3E /* Model */,
				A75F06582753CC7F000FCF3E /* Assets.xcassets */,
				A75F065D2753CC7F000FCF3E /* Info.plist */,
			);
			path = "mpt-noticias";
			sourceTree = "<group>";
		};
		A75F06642753CE7F000FCF3E /* Home */ = {
			isa = PBXGroup;
			children = (
				A75F06552753CC7D000FCF3E /* Main.storyboard */,
				A75F06532753CC7D000FCF3E /* ViewController.swift */,
				A7DCE4742AFBF39500A0B854 /* HomeViewModel.swift */,
				A75F068B275544B2000FCF3E /* NewsTableViewCell.swift */,
				A7B1F69927558539008FA773 /* NewsDetailViewController.swift */,
				A75F067F27540570000FCF3E /* TermsOfUseViewController.swift */,
			);
			path = Home;
			sourceTree = "<group>";
		};
		A75F06652753CE8E000FCF3E /* LaunchScreen */ = {
			isa = PBXGroup;
			children = (
				A75F065A2753CC7F000FCF3E /* LaunchScreen.storyboard */,
			);
			path = LaunchScreen;
			sourceTree = "<group>";
		};
		A75F06662753D083000FCF3E /* Util */ = {
			isa = PBXGroup;
			children = (
				A7C60B1C2A81B9B000841380 /* Functions.swift */,
				A7C60B1D2A81B9B000841380 /* Rest.swift */,
				A75F066D2753D445000FCF3E /* Configuration.swift */,
			);
			path = Util;
			sourceTree = "<group>";
		};
		A75F06682753D088000FCF3E /* Publicacoes */ = {
			isa = PBXGroup;
			children = (
				A75F067B2753F808000FCF3E /* Publicacoes.storyboard */,
				A7C60B262A81C8B200841380 /* PublicacoesViewController.swift */,
				A76436C82AFFA15400BC42AB /* PublicacoesViewModel.swift */,
				A7C60B2A2A826DD000841380 /* PublicacaoTableViewCell.swift */,
				A7C60B2C2A85031900841380 /* PublicacoesDetailViewController.swift */,
			);
			path = Publicacoes;
			sourceTree = "<group>";
		};
		A75F066B2753D288000FCF3E /* Onboarding */ = {
			isa = PBXGroup;
			children = (
				A75F06712753D658000FCF3E /* Onboarding.storyboard */,
				A75F06732753D658000FCF3E /* OnboardingViewController.swift */,
				A75F06722753D658000FCF3E /* OnboardingCollectionViewCell.swift */,
			);
			path = Onboarding;
			sourceTree = "<group>";
		};
		A75F066C2753D314000FCF3E /* Model */ = {
			isa = PBXGroup;
			children = (
				A7C60B182A81B98F00841380 /* ImagemRequestModel.swift */,
				A7C60B282A81D03E00841380 /* PublicacaoRequestModel.swift */,
				A7C60B192A81B98F00841380 /* NewsRequestModel.swift */,
				A75F066F2753D556000FCF3E /* OnBoardingSlide.swift */,
			);
			path = Model;
			sourceTree = "<group>";
		};
		A77DED762B0D7B9600B544AF /* mpt-noticiasTests */ = {
			isa = PBXGroup;
			children = (
				A7340E902B0E43C900891FEC /* RestTests.swift */,
			);
			path = "mpt-noticiasTests";
			sourceTree = "<group>";
		};
/* End PBXGroup section */

/* Begin PBXNativeTarget section */
		A75F064B2753CC7D000FCF3E /* mpt-noticias */ = {
			isa = PBXNativeTarget;
			buildConfigurationList = A75F06602753CC7F000FCF3E /* Build configuration list for PBXNativeTarget "mpt-noticias" */;
			buildPhases = (
				A75F06482753CC7D000FCF3E /* Sources */,
				A75F06492753CC7D000FCF3E /* Frameworks */,
				A75F064A2753CC7D000FCF3E /* Resources */,
			);
			buildRules = (
			);
			dependencies = (
			);
			name = "mpt-noticias";
			productName = "mpt-noticias";
			productReference = A75F064C2753CC7D000FCF3E /* mpt-noticias.app */;
			productType = "com.apple.product-type.application";
		};
		A77DED742B0D7B9600B544AF /* mpt-noticiasTests */ = {
			isa = PBXNativeTarget;
			buildConfigurationList = A77DED7B2B0D7B9600B544AF /* Build configuration list for PBXNativeTarget "mpt-noticiasTests" */;
			buildPhases = (
				A77DED712B0D7B9600B544AF /* Sources */,
				A77DED722B0D7B9600B544AF /* Frameworks */,
				A77DED732B0D7B9600B544AF /* Resources */,
			);
			buildRules = (
			);
			dependencies = (
				A77DED7A2B0D7B9600B544AF /* PBXTargetDependency */,
			);
			name = "mpt-noticiasTests";
			productName = "mpt-noticiasTests";
			productReference = A77DED752B0D7B9600B544AF /* mpt-noticiasTests.xctest */;
			productType = "com.apple.product-type.bundle.unit-test";
		};
/* End PBXNativeTarget section */

/* Begin PBXProject section */
		A75F06442753CC7D000FCF3E /* Project object */ = {
			isa = PBXProject;
			attributes = {
				BuildIndependentTargetsInParallel = 1;
				LastSwiftUpdateCheck = 1500;
				LastUpgradeCheck = 1500;
				TargetAttributes = {
					A75F064B2753CC7D000FCF3E = {
						CreatedOnToolsVersion = 13.1;
					};
					A77DED742B0D7B9600B544AF = {
						CreatedOnToolsVersion = 15.0.1;
						TestTargetID = A75F064B2753CC7D000FCF3E;
					};
				};
			};
			buildConfigurationList = A75F06472753CC7D000FCF3E /* Build configuration list for PBXProject "mpt-noticias" */;
			compatibilityVersion = "Xcode 13.0";
			developmentRegion = en;
			hasScannedForEncodings = 0;
			knownRegions = (
				en,
				Base,
			);
			mainGroup = A75F06432753CC7D000FCF3E;
			productRefGroup = A75F064D2753CC7D000FCF3E /* Products */;
			projectDirPath = "";
			projectRoot = "";
			targets = (
				A75F064B2753CC7D000FCF3E /* mpt-noticias */,
				A77DED742B0D7B9600B544AF /* mpt-noticiasTests */,
			);
		};
/* End PBXProject section */

/* Begin PBXResourcesBuildPhase section */
		A75F064A2753CC7D000FCF3E /* Resources */ = {
			isa = PBXResourcesBuildPhase;
			buildActionMask = 2147483647;
			files = (
				A75F065C2753CC7F000FCF3E /* LaunchScreen.storyboard in Resources */,
				A75F06592753CC7F000FCF3E /* Assets.xcassets in Resources */,
				A75F06572753CC7D000FCF3E /* Main.storyboard in Resources */,
				A75F06742753D658000FCF3E /* Onboarding.storyboard in Resources */,
				A75F067C2753F808000FCF3E /* Publicacoes.storyboard in Resources */,
			);
			runOnlyForDeploymentPostprocessing = 0;
		};
		A77DED732B0D7B9600B544AF /* Resources */ = {
			isa = PBXResourcesBuildPhase;
			buildActionMask = 2147483647;
			files = (
			);
			runOnlyForDeploymentPostprocessing = 0;
		};
/* End PBXResourcesBuildPhase section */

/* Begin PBXSourcesBuildPhase section */
		A75F06482753CC7D000FCF3E /* Sources */ = {
			isa = PBXSourcesBuildPhase;
			buildActionMask = 2147483647;
			files = (
				A7DCE4752AFBF39500A0B854 /* HomeViewModel.swift in Sources */,
				A75F06542753CC7D000FCF3E /* ViewController.swift in Sources */,
				A7C60B1A2A81B98F00841380 /* ImagemRequestModel.swift in Sources */,
				A75F06502753CC7D000FCF3E /* AppDelegate.swift in Sources */,
				A7C60B1E2A81B9B000841380 /* Functions.swift in Sources */,
				A75F068C275544B2000FCF3E /* NewsTableViewCell.swift in Sources */,
				A75F066E2753D445000FCF3E /* Configuration.swift in Sources */,
				A76436C92AFFA15400BC42AB /* PublicacoesViewModel.swift in Sources */,
				A75F06522753CC7D000FCF3E /* SceneDelegate.swift in Sources */,
				A7C60B1B2A81B98F00841380 /* NewsRequestModel.swift in Sources */,
				A7C60B2D2A85031900841380 /* PublicacoesDetailViewController.swift in Sources */,
				A7C60B292A81D03E00841380 /* PublicacaoRequestModel.swift in Sources */,
				A7C60B2B2A826DD000841380 /* PublicacaoTableViewCell.swift in Sources */,
				A75F06762753D658000FCF3E /* OnboardingViewController.swift in Sources */,
				A7B1F69A27558539008FA773 /* NewsDetailViewController.swift in Sources */,
				A75F068027540570000FCF3E /* TermsOfUseViewController.swift in Sources */,
				A75F06702753D556000FCF3E /* OnBoardingSlide.swift in Sources */,
				A7C60B1F2A81B9B000841380 /* Rest.swift in Sources */,
				A7C60B272A81C8B300841380 /* PublicacoesViewController.swift in Sources */,
				A75F06752753D658000FCF3E /* OnboardingCollectionViewCell.swift in Sources */,
			);
			runOnlyForDeploymentPostprocessing = 0;
		};
		A77DED712B0D7B9600B544AF /* Sources */ = {
			isa = PBXSourcesBuildPhase;
			buildActionMask = 2147483647;
			files = (
				A7340E912B0E43C900891FEC /* RestTests.swift in Sources */,
			);
			runOnlyForDeploymentPostprocessing = 0;
		};
/* End PBXSourcesBuildPhase section */

/* Begin PBXTargetDependency section */
		A77DED7A2B0D7B9600B544AF /* PBXTargetDependency */ = {
			isa = PBXTargetDependency;
			target = A75F064B2753CC7D000FCF3E /* mpt-noticias */;
			targetProxy = A77DED792B0D7B9600B544AF /* PBXContainerItemProxy */;
		};
/* End PBXTargetDependency section */

/* Begin PBXVariantGroup section */
		A75F06552753CC7D000FCF3E /* Main.storyboard */ = {
			isa = PBXVariantGroup;
			children = (
				A75F06562753CC7D000FCF3E /* Base */,
			);
			name = Main.storyboard;
			sourceTree = "<group>";
		};
		A75F065A2753CC7F000FCF3E /* LaunchScreen.storyboard */ = {
			isa = PBXVariantGroup;
			children = (
				A75F065B2753CC7F000FCF3E /* Base */,
			);
			name = LaunchScreen.storyboard;
			sourceTree = "<group>";
		};
/* End PBXVariantGroup section */

/* Begin XCBuildConfiguration section */
		A75F065E2753CC7F000FCF3E /* Debug */ = {
			isa = XCBuildConfiguration;
			buildSettings = {
				ALWAYS_SEARCH_USER_PATHS = NO;
				CLANG_ANALYZER_NONNULL = YES;
				CLANG_ANALYZER_NUMBER_OBJECT_CONVERSION = YES_AGGRESSIVE;
				CLANG_CXX_LANGUAGE_STANDARD = "gnu++17";
				CLANG_CXX_LIBRARY = "libc++";
				CLANG_ENABLE_MODULES = YES;
				CLANG_ENABLE_OBJC_ARC = YES;
				CLANG_ENABLE_OBJC_WEAK = YES;
				CLANG_WARN_BLOCK_CAPTURE_AUTORELEASING = YES;
				CLANG_WARN_BOOL_CONVERSION = YES;
				CLANG_WARN_COMMA = YES;
				CLANG_WARN_CONSTANT_CONVERSION = YES;
				CLANG_WARN_DEPRECATED_OBJC_IMPLEMENTATIONS = YES;
				CLANG_WARN_DIRECT_OBJC_ISA_USAGE = YES_ERROR;
				CLANG_WARN_DOCUMENTATION_COMMENTS = YES;
				CLANG_WARN_EMPTY_BODY = YES;
				CLANG_WARN_ENUM_CONVERSION = YES;
				CLANG_WARN_INFINITE_RECURSION = YES;
				CLANG_WARN_INT_CONVERSION = YES;
				CLANG_WARN_NON_LITERAL_NULL_CONVERSION = YES;
				CLANG_WARN_OBJC_IMPLICIT_RETAIN_SELF = YES;
				CLANG_WARN_OBJC_LITERAL_CONVERSION = YES;
				CLANG_WARN_OBJC_ROOT_CLASS = YES_ERROR;
				CLANG_WARN_QUOTED_INCLUDE_IN_FRAMEWORK_HEADER = YES;
				CLANG_WARN_RANGE_LOOP_ANALYSIS = YES;
				CLANG_WARN_STRICT_PROTOTYPES = YES;
				CLANG_WARN_SUSPICIOUS_MOVE = YES;
				CLANG_WARN_UNGUARDED_AVAILABILITY = YES_AGGRESSIVE;
				CLANG_WARN_UNREACHABLE_CODE = YES;
				CLANG_WARN__DUPLICATE_METHOD_MATCH = YES;
				COPY_PHASE_STRIP = NO;
				DEBUG_INFORMATION_FORMAT = dwarf;
				ENABLE_STRICT_OBJC_MSGSEND = YES;
				ENABLE_TESTABILITY = YES;
				ENABLE_USER_SCRIPT_SANDBOXING = YES;
				GCC_C_LANGUAGE_STANDARD = gnu11;
				GCC_DYNAMIC_NO_PIC = NO;
				GCC_NO_COMMON_BLOCKS = YES;
				GCC_OPTIMIZATION_LEVEL = 0;
				GCC_PREPROCESSOR_DEFINITIONS = (
					"DEBUG=1",
					"$(inherited)",
				);
				GCC_WARN_64_TO_32_BIT_CONVERSION = YES;
				GCC_WARN_ABOUT_RETURN_TYPE = YES_ERROR;
				GCC_WARN_UNDECLARED_SELECTOR = YES;
				GCC_WARN_UNINITIALIZED_AUTOS = YES_AGGRESSIVE;
				GCC_WARN_UNUSED_FUNCTION = YES;
				GCC_WARN_UNUSED_VARIABLE = YES;
				IPHONEOS_DEPLOYMENT_TARGET = 14.7;
				MTL_ENABLE_DEBUG_INFO = INCLUDE_SOURCE;
				MTL_FAST_MATH = YES;
				ONLY_ACTIVE_ARCH = YES;
				SDKROOT = iphoneos;
				SWIFT_ACTIVE_COMPILATION_CONDITIONS = DEBUG;
				SWIFT_OPTIMIZATION_LEVEL = "-Onone";
			};
			name = Debug;
		};
		A75F065F2753CC7F000FCF3E /* Release */ = {
			isa = XCBuildConfiguration;
			buildSettings = {
				ALWAYS_SEARCH_USER_PATHS = NO;
				CLANG_ANALYZER_NONNULL = YES;
				CLANG_ANALYZER_NUMBER_OBJECT_CONVERSION = YES_AGGRESSIVE;
				CLANG_CXX_LANGUAGE_STANDARD = "gnu++17";
				CLANG_CXX_LIBRARY = "libc++";
				CLANG_ENABLE_MODULES = YES;
				CLANG_ENABLE_OBJC_ARC = YES;
				CLANG_ENABLE_OBJC_WEAK = YES;
				CLANG_WARN_BLOCK_CAPTURE_AUTORELEASING = YES;
				CLANG_WARN_BOOL_CONVERSION = YES;
				CLANG_WARN_COMMA = YES;
				CLANG_WARN_CONSTANT_CONVERSION = YES;
				CLANG_WARN_DEPRECATED_OBJC_IMPLEMENTATIONS = YES;
				CLANG_WARN_DIRECT_OBJC_ISA_USAGE = YES_ERROR;
				CLANG_WARN_DOCUMENTATION_COMMENTS = YES;
				CLANG_WARN_EMPTY_BODY = YES;
				CLANG_WARN_ENUM_CONVERSION = YES;
				CLANG_WARN_INFINITE_RECURSION = YES;
				CLANG_WARN_INT_CONVERSION = YES;
				CLANG_WARN_NON_LITERAL_NULL_CONVERSION = YES;
				CLANG_WARN_OBJC_IMPLICIT_RETAIN_SELF = YES;
				CLANG_WARN_OBJC_LITERAL_CONVERSION = YES;
				CLANG_WARN_OBJC_ROOT_CLASS = YES_ERROR;
				CLANG_WARN_QUOTED_INCLUDE_IN_FRAMEWORK_HEADER = YES;
				CLANG_WARN_RANGE_LOOP_ANALYSIS = YES;
				CLANG_WARN_STRICT_PROTOTYPES = YES;
				CLANG_WARN_SUSPICIOUS_MOVE = YES;
				CLANG_WARN_UNGUARDED_AVAILABILITY = YES_AGGRESSIVE;
				CLANG_WARN_UNREACHABLE_CODE = YES;
				CLANG_WARN__DUPLICATE_METHOD_MATCH = YES;
				COPY_PHASE_STRIP = NO;
				DEBUG_INFORMATION_FORMAT = "dwarf-with-dsym";
				ENABLE_NS_ASSERTIONS = NO;
				ENABLE_STRICT_OBJC_MSGSEND = YES;
				ENABLE_USER_SCRIPT_SANDBOXING = YES;
				GCC_C_LANGUAGE_STANDARD = gnu11;
				GCC_NO_COMMON_BLOCKS = YES;
				GCC_WARN_64_TO_32_BIT_CONVERSION = YES;
				GCC_WARN_ABOUT_RETURN_TYPE = YES_ERROR;
				GCC_WARN_UNDECLARED_SELECTOR = YES;
				GCC_WARN_UNINITIALIZED_AUTOS = YES_AGGRESSIVE;
				GCC_WARN_UNUSED_FUNCTION = YES;
				GCC_WARN_UNUSED_VARIABLE = YES;
				IPHONEOS_DEPLOYMENT_TARGET = 14.7;
				MTL_ENABLE_DEBUG_INFO = NO;
				MTL_FAST_MATH = YES;
				SDKROOT = iphoneos;
				SWIFT_COMPILATION_MODE = wholemodule;
				SWIFT_OPTIMIZATION_LEVEL = "-O";
				VALIDATE_PRODUCT = YES;
			};
			name = Release;
		};
		A75F06612753CC7F000FCF3E /* Debug */ = {
			isa = XCBuildConfiguration;
			buildSettings = {
				ASSETCATALOG_COMPILER_APPICON_NAME = AppIcon;
				ASSETCATALOG_COMPILER_GLOBAL_ACCENT_COLOR_NAME = AccentColor;
				CODE_SIGN_STYLE = Automatic;
				CURRENT_PROJECT_VERSION = 1;
				DEVELOPMENT_TEAM = 6R98N4JJF2;
				GENERATE_INFOPLIST_FILE = YES;
				INFOPLIST_FILE = "mpt-noticias/Info.plist";
				INFOPLIST_KEY_UIApplicationSupportsIndirectInputEvents = YES;
				INFOPLIST_KEY_UILaunchStoryboardName = LaunchScreen;
				INFOPLIST_KEY_UIMainStoryboardFile = Main;
				INFOPLIST_KEY_UISupportedInterfaceOrientations_iPad = "UIInterfaceOrientationPortrait UIInterfaceOrientationPortraitUpsideDown UIInterfaceOrientationLandscapeLeft UIInterfaceOrientationLandscapeRight";
				INFOPLIST_KEY_UISupportedInterfaceOrientations_iPhone = "UIInterfaceOrientationPortrait UIInterfaceOrientationLandscapeLeft UIInterfaceOrientationLandscapeRight";
				IPHONEOS_DEPLOYMENT_TARGET = 16.0;
				LD_RUNPATH_SEARCH_PATHS = (
					"$(inherited)",
					"@executable_path/Frameworks",
				);
				MARKETING_VERSION = 1.0;
				PRODUCT_BUNDLE_IDENTIFIER = com.leonardo.l.santos.mptnoticias;
				PRODUCT_NAME = "$(TARGET_NAME)";
				SUPPORTED_PLATFORMS = "iphoneos iphonesimulator";
				SUPPORTS_MACCATALYST = NO;
				SUPPORTS_MAC_DESIGNED_FOR_IPHONE_IPAD = NO;
				SWIFT_EMIT_LOC_STRINGS = YES;
				SWIFT_VERSION = 5.0;
				TARGETED_DEVICE_FAMILY = 1;
			};
			name = Debug;
		};
		A75F06622753CC7F000FCF3E /* Release */ = {
			isa = XCBuildConfiguration;
			buildSettings = {
				ASSETCATALOG_COMPILER_APPICON_NAME = AppIcon;
				ASSETCATALOG_COMPILER_GLOBAL_ACCENT_COLOR_NAME = AccentColor;
				CODE_SIGN_STYLE = Automatic;
				CURRENT_PROJECT_VERSION = 1;
				DEVELOPMENT_TEAM = 6R98N4JJF2;
				GENERATE_INFOPLIST_FILE = YES;
				INFOPLIST_FILE = "mpt-noticias/Info.plist";
				INFOPLIST_KEY_UIApplicationSupportsIndirectInputEvents = YES;
				INFOPLIST_KEY_UILaunchStoryboardName = LaunchScreen;
				INFOPLIST_KEY_UIMainStoryboardFile = Main;
				INFOPLIST_KEY_UISupportedInterfaceOrientations_iPad = "UIInterfaceOrientationPortrait UIInterfaceOrientationPortraitUpsideDown UIInterfaceOrientationLandscapeLeft UIInterfaceOrientationLandscapeRight";
				INFOPLIST_KEY_UISupportedInterfaceOrientations_iPhone = "UIInterfaceOrientationPortrait UIInterfaceOrientationLandscapeLeft UIInterfaceOrientationLandscapeRight";
				IPHONEOS_DEPLOYMENT_TARGET = 16.0;
				LD_RUNPATH_SEARCH_PATHS = (
					"$(inherited)",
					"@executable_path/Frameworks",
				);
				MARKETING_VERSION = 1.0;
				PRODUCT_BUNDLE_IDENTIFIER = com.leonardo.l.santos.mptnoticias;
				PRODUCT_NAME = "$(TARGET_NAME)";
				SUPPORTED_PLATFORMS = "iphoneos iphonesimulator";
				SUPPORTS_MACCATALYST = NO;
				SUPPORTS_MAC_DESIGNED_FOR_IPHONE_IPAD = NO;
				SWIFT_EMIT_LOC_STRINGS = YES;
				SWIFT_VERSION = 5.0;
				TARGETED_DEVICE_FAMILY = 1;
			};
			name = Release;
		};
		A77DED7C2B0D7B9600B544AF /* Debug */ = {
			isa = XCBuildConfiguration;
			buildSettings = {
				ASSETCATALOG_COMPILER_GENERATE_SWIFT_ASSET_SYMBOL_EXTENSIONS = YES;
				BUNDLE_LOADER = "$(TEST_HOST)";
				CLANG_CXX_LANGUAGE_STANDARD = "gnu++20";
				CODE_SIGN_STYLE = Automatic;
				CURRENT_PROJECT_VERSION = 1;
				DEVELOPMENT_TEAM = 6R98N4JJF2;
				FUSE_BUILD_SCRIPT_PHASES = YES;
				GCC_C_LANGUAGE_STANDARD = gnu17;
				GENERATE_INFOPLIST_FILE = YES;
				IPHONEOS_DEPLOYMENT_TARGET = 16.0;
				LOCALIZATION_PREFERS_STRING_CATALOGS = YES;
				MARKETING_VERSION = 1.0;
				PRODUCT_BUNDLE_IDENTIFIER = "com.leonardo.l.santos.mpt-noticiasTests";
				PRODUCT_NAME = "$(TARGET_NAME)";
				SUPPORTED_PLATFORMS = "iphoneos iphonesimulator";
				SUPPORTS_MACCATALYST = NO;
				SUPPORTS_MAC_DESIGNED_FOR_IPHONE_IPAD = NO;
				SWIFT_ACTIVE_COMPILATION_CONDITIONS = "DEBUG $(inherited)";
				SWIFT_EMIT_LOC_STRINGS = NO;
				SWIFT_VERSION = 5.0;
				TARGETED_DEVICE_FAMILY = 1;
				TEST_HOST = "$(BUILT_PRODUCTS_DIR)/mpt-noticias.app/$(BUNDLE_EXECUTABLE_FOLDER_PATH)/mpt-noticias";
			};
			name = Debug;
		};
		A77DED7D2B0D7B9600B544AF /* Release */ = {
			isa = XCBuildConfiguration;
			buildSettings = {
				ASSETCATALOG_COMPILER_GENERATE_SWIFT_ASSET_SYMBOL_EXTENSIONS = YES;
				BUNDLE_LOADER = "$(TEST_HOST)";
				CLANG_CXX_LANGUAGE_STANDARD = "gnu++20";
				CODE_SIGN_STYLE = Automatic;
				CURRENT_PROJECT_VERSION = 1;
				DEVELOPMENT_TEAM = 6R98N4JJF2;
				FUSE_BUILD_SCRIPT_PHASES = YES;
				GCC_C_LANGUAGE_STANDARD = gnu17;
				GENERATE_INFOPLIST_FILE = YES;
				IPHONEOS_DEPLOYMENT_TARGET = 16.0;
				LOCALIZATION_PREFERS_STRING_CATALOGS = YES;
				MARKETING_VERSION = 1.0;
				PRODUCT_BUNDLE_IDENTIFIER = "com.leonardo.l.santos.mpt-noticiasTests";
				PRODUCT_NAME = "$(TARGET_NAME)";
				SUPPORTED_PLATFORMS = "iphoneos iphonesimulator";
				SUPPORTS_MACCATALYST = NO;
				SUPPORTS_MAC_DESIGNED_FOR_IPHONE_IPAD = NO;
				SWIFT_EMIT_LOC_STRINGS = NO;
				SWIFT_VERSION = 5.0;
				TARGETED_DEVICE_FAMILY = 1;
				TEST_HOST = "$(BUILT_PRODUCTS_DIR)/mpt-noticias.app/$(BUNDLE_EXECUTABLE_FOLDER_PATH)/mpt-noticias";
			};
			name = Release;
		};
/* End XCBuildConfiguration section */

/* Begin XCConfigurationList section */
		A75F06472753CC7D000FCF3E /* Build configuration list for PBXProject "mpt-noticias" */ = {
			isa = XCConfigurationList;
			buildConfigurations = (
				A75F065E2753CC7F000FCF3E /* Debug */,
				A75F065F2753CC7F000FCF3E /* Release */,
			);
			defaultConfigurationIsVisible = 0;
			defaultConfigurationName = Release;
		};
		A75F06602753CC7F000FCF3E /* Build configuration list for PBXNativeTarget "mpt-noticias" */ = {
			isa = XCConfigurationList;
			buildConfigurations = (
				A75F06612753CC7F000FCF3E /* Debug */,
				A75F06622753CC7F000FCF3E /* Release */,
			);
			defaultConfigurationIsVisible = 0;
			defaultConfigurationName = Release;
		};
		A77DED7B2B0D7B9600B544AF /* Build configuration list for PBXNativeTarget "mpt-noticiasTests" */ = {
			isa = XCConfigurationList;
			buildConfigurations = (
				A77DED7C2B0D7B9600B544AF /* Debug */,
				A77DED7D2B0D7B9600B544AF /* Release */,
			);
			defaultConfigurationIsVisible = 0;
			defaultConfigurationName = Release;
		};
/* End XCConfigurationList section */
	};
	rootObject = A75F06442753CC7D000FCF3E /* Project object */;
}
